// !$*UTF8*$!
{
	archiveVersion = 1;
	classes = {
	};
	objectVersion = 50;
	objects = {

/* Begin PBXBuildFile section */
		ACE5A6C2248FDDC400C52A2E /* AppDelegate.swift in Sources */ = {isa = PBXBuildFile; fileRef = ACE5A6C1248FDDC400C52A2E /* AppDelegate.swift */; };
		ACE5A6C4248FDDC400C52A2E /* SceneDelegate.swift in Sources */ = {isa = PBXBuildFile; fileRef = ACE5A6C3248FDDC400C52A2E /* SceneDelegate.swift */; };
		ACE5A6CB248FDDC500C52A2E /* Assets.xcassets in Resources */ = {isa = PBXBuildFile; fileRef = ACE5A6CA248FDDC500C52A2E /* Assets.xcassets */; };
		ACE5A6CE248FDDC500C52A2E /* LaunchScreen.storyboard in Resources */ = {isa = PBXBuildFile; fileRef = ACE5A6CC248FDDC500C52A2E /* LaunchScreen.storyboard */; };
		ACE5A6D7248FDE2400C52A2E /* APIClient.swift in Sources */ = {isa = PBXBuildFile; fileRef = ACE5A6D6248FDE2400C52A2E /* APIClient.swift */; };
		ACE5A6D9248FDE4E00C52A2E /* PostDetailTableViewController.swift in Sources */ = {isa = PBXBuildFile; fileRef = ACE5A6D8248FDE4E00C52A2E /* PostDetailTableViewController.swift */; };
		ACE5A6DB248FDE6E00C52A2E /* PostTableViewController.swift in Sources */ = {isa = PBXBuildFile; fileRef = ACE5A6DA248FDE6E00C52A2E /* PostTableViewController.swift */; };
		ACE5A6DF248FDEA000C52A2E /* Cache.swift in Sources */ = {isa = PBXBuildFile; fileRef = ACE5A6DE248FDEA000C52A2E /* Cache.swift */; };
		ACE5A6E1248FDEAD00C52A2E /* Comment.swift in Sources */ = {isa = PBXBuildFile; fileRef = ACE5A6E0248FDEAD00C52A2E /* Comment.swift */; };
		ACE5A6E3248FDEC400C52A2E /* Post.swift in Sources */ = {isa = PBXBuildFile; fileRef = ACE5A6E2248FDEC400C52A2E /* Post.swift */; };
		ACE5A6E5248FDF1200C52A2E /* CommentsHeaderView.swift in Sources */ = {isa = PBXBuildFile; fileRef = ACE5A6E4248FDF1200C52A2E /* CommentsHeaderView.swift */; };
		ACE5A6E7248FDF3100C52A2E /* CommentTableViewCell.swift in Sources */ = {isa = PBXBuildFile; fileRef = ACE5A6E6248FDF3100C52A2E /* CommentTableViewCell.swift */; };
		ACE5A6E9248FDF4E00C52A2E /* PostTableViewCell.swift in Sources */ = {isa = PBXBuildFile; fileRef = ACE5A6E8248FDF4E00C52A2E /* PostTableViewCell.swift */; };
/* End PBXBuildFile section */

/* Begin PBXFileReference section */
		ACE5A6BE248FDDC400C52A2E /* Twipsum.app */ = {isa = PBXFileReference; explicitFileType = wrapper.application; includeInIndex = 0; path = Twipsum.app; sourceTree = BUILT_PRODUCTS_DIR; };
		ACE5A6C1248FDDC400C52A2E /* AppDelegate.swift */ = {isa = PBXFileReference; lastKnownFileType = sourcecode.swift; path = AppDelegate.swift; sourceTree = "<group>"; };
		ACE5A6C3248FDDC400C52A2E /* SceneDelegate.swift */ = {isa = PBXFileReference; lastKnownFileType = sourcecode.swift; path = SceneDelegate.swift; sourceTree = "<group>"; };
		ACE5A6CA248FDDC500C52A2E /* Assets.xcassets */ = {isa = PBXFileReference; lastKnownFileType = folder.assetcatalog; path = Assets.xcassets; sourceTree = "<group>"; };
		ACE5A6CD248FDDC500C52A2E /* Base */ = {isa = PBXFileReference; lastKnownFileType = file.storyboard; name = Base; path = Base.lproj/LaunchScreen.storyboard; sourceTree = "<group>"; };
		ACE5A6CF248FDDC500C52A2E /* Info.plist */ = {isa = PBXFileReference; lastKnownFileType = text.plist.xml; path = Info.plist; sourceTree = "<group>"; };
		ACE5A6D6248FDE2400C52A2E /* APIClient.swift */ = {isa = PBXFileReference; lastKnownFileType = sourcecode.swift; path = APIClient.swift; sourceTree = "<group>"; };
		ACE5A6D8248FDE4E00C52A2E /* PostDetailTableViewController.swift */ = {isa = PBXFileReference; lastKnownFileType = sourcecode.swift; path = PostDetailTableViewController.swift; sourceTree = "<group>"; };
		ACE5A6DA248FDE6E00C52A2E /* PostTableViewController.swift */ = {isa = PBXFileReference; lastKnownFileType = sourcecode.swift; path = PostTableViewController.swift; sourceTree = "<group>"; };
		ACE5A6DE248FDEA000C52A2E /* Cache.swift */ = {isa = PBXFileReference; lastKnownFileType = sourcecode.swift; path = Cache.swift; sourceTree = "<group>"; };
		ACE5A6E0248FDEAD00C52A2E /* Comment.swift */ = {isa = PBXFileReference; lastKnownFileType = sourcecode.swift; path = Comment.swift; sourceTree = "<group>"; };
		ACE5A6E2248FDEC400C52A2E /* Post.swift */ = {isa = PBXFileReference; lastKnownFileType = sourcecode.swift; path = Post.swift; sourceTree = "<group>"; };
		ACE5A6E4248FDF1200C52A2E /* CommentsHeaderView.swift */ = {isa = PBXFileReference; lastKnownFileType = sourcecode.swift; path = CommentsHeaderView.swift; sourceTree = "<group>"; };
		ACE5A6E6248FDF3100C52A2E /* CommentTableViewCell.swift */ = {isa = PBXFileReference; lastKnownFileType = sourcecode.swift; path = CommentTableViewCell.swift; sourceTree = "<group>"; };
		ACE5A6E8248FDF4E00C52A2E /* PostTableViewCell.swift */ = {isa = PBXFileReference; lastKnownFileType = sourcecode.swift; path = PostTableViewCell.swift; sourceTree = "<group>"; };
/* End PBXFileReference section */

/* Begin PBXFrameworksBuildPhase section */
		ACE5A6BB248FDDC400C52A2E /* Frameworks */ = {
			isa = PBXFrameworksBuildPhase;
			buildActionMask = 2147483647;
			files = (
			);
			runOnlyForDeploymentPostprocessing = 0;
		};
/* End PBXFrameworksBuildPhase section */

/* Begin PBXGroup section */
		ACE5A6B5248FDDC400C52A2E = {
			isa = PBXGroup;
			children = (
				ACE5A6C0248FDDC400C52A2E /* Twipsum */,
				ACE5A6BF248FDDC400C52A2E /* Products */,
			);
			sourceTree = "<group>";
		};
		ACE5A6BF248FDDC400C52A2E /* Products */ = {
			isa = PBXGroup;
			children = (
				ACE5A6BE248FDDC400C52A2E /* Twipsum.app */,
			);
			name = Products;
			sourceTree = "<group>";
		};
		ACE5A6C0248FDDC400C52A2E /* Twipsum */ = {
			isa = PBXGroup;
			children = (
				ACE5A6D5248FDDD200C52A2E /* Controllers */,
				ACE5A6DC248FDE8700C52A2E /* Models */,
				ACE5A6DD248FDE8C00C52A2E /* Views */,
				ACE5A6C1248FDDC400C52A2E /* AppDelegate.swift */,
				ACE5A6C3248FDDC400C52A2E /* SceneDelegate.swift */,
				ACE5A6CA248FDDC500C52A2E /* Assets.xcassets */,
				ACE5A6CC248FDDC500C52A2E /* LaunchScreen.storyboard */,
				ACE5A6CF248FDDC500C52A2E /* Info.plist */,
			);
			path = Twipsum;
			sourceTree = "<group>";
		};
		ACE5A6D5248FDDD200C52A2E /* Controllers */ = {
			isa = PBXGroup;
			children = (
				ACE5A6D6248FDE2400C52A2E /* APIClient.swift */,
				ACE5A6D8248FDE4E00C52A2E /* PostDetailTableViewController.swift */,
				ACE5A6DA248FDE6E00C52A2E /* PostTableViewController.swift */,
			);
			path = Controllers;
			sourceTree = "<group>";
		};
		ACE5A6DC248FDE8700C52A2E /* Models */ = {
			isa = PBXGroup;
			children = (
				ACE5A6DE248FDEA000C52A2E /* Cache.swift */,
				ACE5A6E0248FDEAD00C52A2E /* Comment.swift */,
				ACE5A6E2248FDEC400C52A2E /* Post.swift */,
			);
			path = Models;
			sourceTree = "<group>";
		};
		ACE5A6DD248FDE8C00C52A2E /* Views */ = {
			isa = PBXGroup;
			children = (
				ACE5A6E4248FDF1200C52A2E /* CommentsHeaderView.swift */,
				ACE5A6E6248FDF3100C52A2E /* CommentTableViewCell.swift */,
				ACE5A6E8248FDF4E00C52A2E /* PostTableViewCell.swift */,
			);
			path = Views;
			sourceTree = "<group>";
		};
/* End PBXGroup section */

/* Begin PBXNativeTarget section */
		ACE5A6BD248FDDC400C52A2E /* Twipsum */ = {
			isa = PBXNativeTarget;
			buildConfigurationList = ACE5A6D2248FDDC500C52A2E /* Build configuration list for PBXNativeTarget "Twipsum" */;
			buildPhases = (
				ACE5A6BA248FDDC400C52A2E /* Sources */,
				ACE5A6BB248FDDC400C52A2E /* Frameworks */,
				ACE5A6BC248FDDC400C52A2E /* Resources */,
			);
			buildRules = (
			);
			dependencies = (
			);
			name = Twipsum;
			productName = Twipsum;
			productReference = ACE5A6BE248FDDC400C52A2E /* Twipsum.app */;
			productType = "com.apple.product-type.application";
		};
/* End PBXNativeTarget section */

/* Begin PBXProject section */
		ACE5A6B6248FDDC400C52A2E /* Project object */ = {
			isa = PBXProject;
			attributes = {
				LastSwiftUpdateCheck = 1150;
				LastUpgradeCheck = 1150;
				ORGANIZATIONNAME = "Matt Clevenger";
				TargetAttributes = {
					ACE5A6BD248FDDC400C52A2E = {
						CreatedOnToolsVersion = 11.5;
					};
				};
			};
			buildConfigurationList = ACE5A6B9248FDDC400C52A2E /* Build configuration list for PBXProject "Twipsum" */;
			compatibilityVersion = "Xcode 9.3";
			developmentRegion = en;
			hasScannedForEncodings = 0;
			knownRegions = (
				en,
				Base,
			);
			mainGroup = ACE5A6B5248FDDC400C52A2E;
			productRefGroup = ACE5A6BF248FDDC400C52A2E /* Products */;
			projectDirPath = "";
			projectRoot = "";
			targets = (
				ACE5A6BD248FDDC400C52A2E /* Twipsum */,
			);
		};
/* End PBXProject section */

/* Begin PBXResourcesBuildPhase section */
		ACE5A6BC248FDDC400C52A2E /* Resources */ = {
			isa = PBXResourcesBuildPhase;
			buildActionMask = 2147483647;
			files = (
				ACE5A6CE248FDDC500C52A2E /* LaunchScreen.storyboard in Resources */,
				ACE5A6CB248FDDC500C52A2E /* Assets.xcassets in Resources */,
			);
			runOnlyForDeploymentPostprocessing = 0;
		};
/* End PBXResourcesBuildPhase section */

/* Begin PBXSourcesBuildPhase section */
		ACE5A6BA248FDDC400C52A2E /* Sources */ = {
			isa = PBXSourcesBuildPhase;
			buildActionMask = 2147483647;
			files = (
				ACE5A6E9248FDF4E00C52A2E /* PostTableViewCell.swift in Sources */,
				ACE5A6DF248FDEA000C52A2E /* Cache.swift in Sources */,
				ACE5A6D9248FDE4E00C52A2E /* PostDetailTableViewController.swift in Sources */,
				ACE5A6E5248FDF1200C52A2E /* CommentsHeaderView.swift in Sources */,
				ACE5A6DB248FDE6E00C52A2E /* PostTableViewController.swift in Sources */,
				ACE5A6E1248FDEAD00C52A2E /* Comment.swift in Sources */,
				ACE5A6C2248FDDC400C52A2E /* AppDelegate.swift in Sources */,
				ACE5A6E3248FDEC400C52A2E /* Post.swift in Sources */,
				ACE5A6E7248FDF3100C52A2E /* CommentTableViewCell.swift in Sources */,
				ACE5A6C4248FDDC400C52A2E /* SceneDelegate.swift in Sources */,
				ACE5A6D7248FDE2400C52A2E /* APIClient.swift in Sources */,
			);
			runOnlyForDeploymentPostprocessing = 0;
		};
/* End PBXSourcesBuildPhase section */

/* Begin PBXVariantGroup section */
		ACE5A6CC248FDDC500C52A2E /* LaunchScreen.storyboard */ = {
			isa = PBXVariantGroup;
			children = (
				ACE5A6CD248FDDC500C52A2E /* Base */,
			);
			name = LaunchScreen.storyboard;
			sourceTree = "<group>";
		};
/* End PBXVariantGroup section */

/* Begin XCBuildConfiguration section */
		ACE5A6D0248FDDC500C52A2E /* Debug */ = {
			isa = XCBuildConfiguration;
			buildSettings = {
				ALWAYS_SEARCH_USER_PATHS = NO;
				CLANG_ANALYZER_NONNULL = YES;
				CLANG_ANALYZER_NUMBER_OBJECT_CONVERSION = YES_AGGRESSIVE;
				CLANG_CXX_LANGUAGE_STANDARD = "gnu++14";
				CLANG_CXX_LIBRARY = "libc++";
				CLANG_ENABLE_MODULES = YES;
				CLANG_ENABLE_OBJC_ARC = YES;
				CLANG_ENABLE_OBJC_WEAK = YES;
				CLANG_WARN_BLOCK_CAPTURE_AUTORELEASING = YES;
				CLANG_WARN_BOOL_CONVERSION = YES;
				CLANG_WARN_COMMA = YES;
				CLANG_WARN_CONSTANT_CONVERSION = YES;
				CLANG_WARN_DEPRECATED_OBJC_IMPLEMENTATIONS = YES;
				CLANG_WARN_DIRECT_OBJC_ISA_USAGE = YES_ERROR;
				CLANG_WARN_DOCUMENTATION_COMMENTS = YES;
				CLANG_WARN_EMPTY_BODY = YES;
				CLANG_WARN_ENUM_CONVERSION = YES;
				CLANG_WARN_INFINITE_RECURSION = YES;
				CLANG_WARN_INT_CONVERSION = YES;
				CLANG_WARN_NON_LITERAL_NULL_CONVERSION = YES;
				CLANG_WARN_OBJC_IMPLICIT_RETAIN_SELF = YES;
				CLANG_WARN_OBJC_LITERAL_CONVERSION = YES;
				CLANG_WARN_OBJC_ROOT_CLASS = YES_ERROR;
				CLANG_WARN_RANGE_LOOP_ANALYSIS = YES;
				CLANG_WARN_STRICT_PROTOTYPES = YES;
				CLANG_WARN_SUSPICIOUS_MOVE = YES;
				CLANG_WARN_UNGUARDED_AVAILABILITY = YES_AGGRESSIVE;
				CLANG_WARN_UNREACHABLE_CODE = YES;
				CLANG_WARN__DUPLICATE_METHOD_MATCH = YES;
				COPY_PHASE_STRIP = NO;
				DEBUG_INFORMATION_FORMAT = dwarf;
				ENABLE_STRICT_OBJC_MSGSEND = YES;
				ENABLE_TESTABILITY = YES;
				GCC_C_LANGUAGE_STANDARD = gnu11;
				GCC_DYNAMIC_NO_PIC = NO;
				GCC_NO_COMMON_BLOCKS = YES;
				GCC_OPTIMIZATION_LEVEL = 0;
				GCC_PREPROCESSOR_DEFINITIONS = (
					"DEBUG=1",
					"$(inherited)",
				);
				GCC_WARN_64_TO_32_BIT_CONVERSION = YES;
				GCC_WARN_ABOUT_RETURN_TYPE = YES_ERROR;
				GCC_WARN_UNDECLARED_SELECTOR = YES;
				GCC_WARN_UNINITIALIZED_AUTOS = YES_AGGRESSIVE;
				GCC_WARN_UNUSED_FUNCTION = YES;
				GCC_WARN_UNUSED_VARIABLE = YES;
				IPHONEOS_DEPLOYMENT_TARGET = 13.5;
				MTL_ENABLE_DEBUG_INFO = INCLUDE_SOURCE;
				MTL_FAST_MATH = YES;
				ONLY_ACTIVE_ARCH = YES;
				SDKROOT = iphoneos;
				SWIFT_ACTIVE_COMPILATION_CONDITIONS = DEBUG;
				SWIFT_OPTIMIZATION_LEVEL = "-Onone";
			};
			name = Debug;
		};
		ACE5A6D1248FDDC500C52A2E /* Release */ = {
			isa = XCBuildConfiguration;
			buildSettings = {
				ALWAYS_SEARCH_USER_PATHS = NO;
				CLANG_ANALYZER_NONNULL = YES;
				CLANG_ANALYZER_NUMBER_OBJECT_CONVERSION = YES_AGGRESSIVE;
				CLANG_CXX_LANGUAGE_STANDARD = "gnu++14";
				CLANG_CXX_LIBRARY = "libc++";
				CLANG_ENABLE_MODULES = YES;
				CLANG_ENABLE_OBJC_ARC = YES;
				CLANG_ENABLE_OBJC_WEAK = YES;
				CLANG_WARN_BLOCK_CAPTURE_AUTORELEASING = YES;
				CLANG_WARN_BOOL_CONVERSION = YES;
				CLANG_WARN_COMMA = YES;
				CLANG_WARN_CONSTANT_CONVERSION = YES;
				CLANG_WARN_DEPRECATED_OBJC_IMPLEMENTATIONS = YES;
				CLANG_WARN_DIRECT_OBJC_ISA_USAGE = YES_ERROR;
				CLANG_WARN_DOCUMENTATION_COMMENTS = YES;
				CLANG_WARN_EMPTY_BODY = YES;
				CLANG_WARN_ENUM_CONVERSION = YES;
				CLANG_WARN_INFINITE_RECURSION = YES;
				CLANG_WARN_INT_CONVERSION = YES;
				CLANG_WARN_NON_LITERAL_NULL_CONVERSION = YES;
				CLANG_WARN_OBJC_IMPLICIT_RETAIN_SELF = YES;
				CLANG_WARN_OBJC_LITERAL_CONVERSION = YES;
				CLANG_WARN_OBJC_ROOT_CLASS = YES_ERROR;
				CLANG_WARN_RANGE_LOOP_ANALYSIS = YES;
				CLANG_WARN_STRICT_PROTOTYPES = YES;
				CLANG_WARN_SUSPICIOUS_MOVE = YES;
				CLANG_WARN_UNGUARDED_AVAILABILITY = YES_AGGRESSIVE;
				CLANG_WARN_UNREACHABLE_CODE = YES;
				CLANG_WARN__DUPLICATE_METHOD_MATCH = YES;
				COPY_PHASE_STRIP = NO;
				DEBUG_INFORMATION_FORMAT = "dwarf-with-dsym";
				ENABLE_NS_ASSERTIONS = NO;
				ENABLE_STRICT_OBJC_MSGSEND = YES;
				GCC_C_LANGUAGE_STANDARD = gnu11;
				GCC_NO_COMMON_BLOCKS = YES;
				GCC_WARN_64_TO_32_BIT_CONVERSION = YES;
				GCC_WARN_ABOUT_RETURN_TYPE = YES_ERROR;
				GCC_WARN_UNDECLARED_SELECTOR = YES;
				GCC_WARN_UNINITIALIZED_AUTOS = YES_AGGRESSIVE;
				GCC_WARN_UNUSED_FUNCTION = YES;
				GCC_WARN_UNUSED_VARIABLE = YES;
				IPHONEOS_DEPLOYMENT_TARGET = 13.5;
				MTL_ENABLE_DEBUG_INFO = NO;
				MTL_FAST_MATH = YES;
				SDKROOT = iphoneos;
				SWIFT_COMPILATION_MODE = wholemodule;
				SWIFT_OPTIMIZATION_LEVEL = "-O";
				VALIDATE_PRODUCT = YES;
			};
			name = Release;
		};
		ACE5A6D3248FDDC500C52A2E /* Debug */ = {
			isa = XCBuildConfiguration;
			buildSettings = {
				ASSETCATALOG_COMPILER_APPICON_NAME = AppIcon;
				CODE_SIGN_STYLE = Automatic;
				DEVELOPMENT_TEAM = 4VKYXC9N79;
				INFOPLIST_FILE = Twipsum/Info.plist;
				IPHONEOS_DEPLOYMENT_TARGET = 13.1;
				LD_RUNPATH_SEARCH_PATHS = (
					"$(inherited)",
					"@executable_path/Frameworks",
				);
				PRODUCT_BUNDLE_IDENTIFIER = mattclevenger.Twipsum;
				PRODUCT_NAME = "$(TARGET_NAME)";
				SWIFT_VERSION = 5.0;
				TARGETED_DEVICE_FAMILY = "1,2";
			};
			name = Debug;
		};
		ACE5A6D4248FDDC500C52A2E /* Release */ = {
			isa = XCBuildConfiguration;
			buildSettings = {
				ASSETCATALOG_COMPILER_APPICON_NAME = AppIcon;
				CODE_SIGN_STYLE = Automatic;
				DEVELOPMENT_TEAM = 4VKYXC9N79;
				INFOPLIST_FILE = Twipsum/Info.plist;
				IPHONEOS_DEPLOYMENT_TARGET = 13.1;
				LD_RUNPATH_SEARCH_PATHS = (
					"$(inherited)",
					"@executable_path/Frameworks",
				);
				PRODUCT_BUNDLE_IDENTIFIER = mattclevenger.Twipsum;
				PRODUCT_NAME = "$(TARGET_NAME)";
				SWIFT_VERSION = 5.0;
				TARGETED_DEVICE_FAMILY = "1,2";
			};
			name = Release;
		};
/* End XCBuildConfiguration section */

/* Begin XCConfigurationList section */
		ACE5A6B9248FDDC400C52A2E /* Build configuration list for PBXProject "Twipsum" */ = {
			isa = XCConfigurationList;
			buildConfigurations = (
				ACE5A6D0248FDDC500C52A2E /* Debug */,
				ACE5A6D1248FDDC500C52A2E /* Release */,
			);
			defaultConfigurationIsVisible = 0;
			defaultConfigurationName = Release;
		};
		ACE5A6D2248FDDC500C52A2E /* Build configuration list for PBXNativeTarget "Twipsum" */ = {
			isa = XCConfigurationList;
			buildConfigurations = (
				ACE5A6D3248FDDC500C52A2E /* Debug */,
				ACE5A6D4248FDDC500C52A2E /* Release */,
			);
			defaultConfigurationIsVisible = 0;
			defaultConfigurationName = Release;
		};
/* End XCConfigurationList section */
	};
	rootObject = ACE5A6B6248FDDC400C52A2E /* Project object */;
}
